// !$*UTF8*$!
{
	archiveVersion = 1;
	classes = {
	};
	objectVersion = 55;
	objects = {

/* Begin PBXBuildFile section */
		A4A83E5729B5B991001A3071 /* AppViewController.swift in Sources */ = {isa = PBXBuildFile; fileRef = A4A83E5629B5B991001A3071 /* AppViewController.swift */; };
		A4A83E5B29B6E115001A3071 /* InvertedHeaderView.swift in Sources */ = {isa = PBXBuildFile; fileRef = A4A83E5A29B6E115001A3071 /* InvertedHeaderView.swift */; };
		A4A83E5D29B716EA001A3071 /* AppViewModel.swift in Sources */ = {isa = PBXBuildFile; fileRef = A4A83E5C29B716E9001A3071 /* AppViewModel.swift */; };
		A4AA710429B1ED0F00499317 /* ScrollView.swift in Sources */ = {isa = PBXBuildFile; fileRef = A4AA710329B1ED0E00499317 /* ScrollView.swift */; };
		A4AA710629B1F4EC00499317 /* SkillsScrollView.swift in Sources */ = {isa = PBXBuildFile; fileRef = A4AA710529B1F4EC00499317 /* SkillsScrollView.swift */; };
		A4AA710929B29B6F00499317 /* AboutViewModel.swift in Sources */ = {isa = PBXBuildFile; fileRef = A4AA710829B29B6F00499317 /* AboutViewModel.swift */; };
		A4AA710B29B2D04800499317 /* AppScrollView.swift in Sources */ = {isa = PBXBuildFile; fileRef = A4AA710A29B2D04800499317 /* AppScrollView.swift */; };
		A4AA710D29B2F67400499317 /* ProjectsViewModel.swift in Sources */ = {isa = PBXBuildFile; fileRef = A4AA710C29B2F67400499317 /* ProjectsViewModel.swift */; };
		A4C7F28329B7487000C97C84 /* LinkSheetLauncher.swift in Sources */ = {isa = PBXBuildFile; fileRef = A4C7F28229B7487000C97C84 /* LinkSheetLauncher.swift */; };
		A4C7F28529B7488100C97C84 /* LinkViewModel.swift in Sources */ = {isa = PBXBuildFile; fileRef = A4C7F28429B7488100C97C84 /* LinkViewModel.swift */; };
		A4C7F28729B7488E00C97C84 /* LinkSheetCell.swift in Sources */ = {isa = PBXBuildFile; fileRef = A4C7F28629B7488E00C97C84 /* LinkSheetCell.swift */; };
		A4C7F28929B7652200C97C84 /* ExamplesTableViewCell.swift in Sources */ = {isa = PBXBuildFile; fileRef = A4C7F28829B7652200C97C84 /* ExamplesTableViewCell.swift */; };
		A4C7F29029B82AA200C97C84 /* OnboardingViewController.swift in Sources */ = {isa = PBXBuildFile; fileRef = A4C7F28F29B82AA200C97C84 /* OnboardingViewController.swift */; };
		A4C7F29229B8337400C97C84 /* OnboardingSlide.swift in Sources */ = {isa = PBXBuildFile; fileRef = A4C7F29129B8337400C97C84 /* OnboardingSlide.swift */; };
		A4C7F29429B88C8D00C97C84 /* OnboardingCollectionViewCell.swift in Sources */ = {isa = PBXBuildFile; fileRef = A4C7F29329B88C8D00C97C84 /* OnboardingCollectionViewCell.swift */; };
		A4C7F29829B9B32F00C97C84 /* OnboardingStoryBoard.storyboard in Resources */ = {isa = PBXBuildFile; fileRef = A4C7F29729B9B32F00C97C84 /* OnboardingStoryBoard.storyboard */; };
		A4C7F29B29B9E1FE00C97C84 /* LoadingScreenViewController.swift in Sources */ = {isa = PBXBuildFile; fileRef = A4C7F29A29B9E1FE00C97C84 /* LoadingScreenViewController.swift */; };
		A4C7F29E29B9E75D00C97C84 /* an1.json in Resources */ = {isa = PBXBuildFile; fileRef = A4C7F29D29B9E75D00C97C84 /* an1.json */; };
		A4C7F2A029B9E82D00C97C84 /* an2.json in Resources */ = {isa = PBXBuildFile; fileRef = A4C7F29F29B9E82D00C97C84 /* an2.json */; };
		A4C7F2A229B9E84300C97C84 /* an3.json in Resources */ = {isa = PBXBuildFile; fileRef = A4C7F2A129B9E84300C97C84 /* an3.json */; };
		A4C7F2A629B9E87A00C97C84 /* an5.json in Resources */ = {isa = PBXBuildFile; fileRef = A4C7F2A529B9E87A00C97C84 /* an5.json */; };
		A4C7F2A829B9E8A800C97C84 /* an4.json in Resources */ = {isa = PBXBuildFile; fileRef = A4C7F2A729B9E8A800C97C84 /* an4.json */; };
		A4C7F2AA29B9E8E900C97C84 /* an6.json in Resources */ = {isa = PBXBuildFile; fileRef = A4C7F2A929B9E8E900C97C84 /* an6.json */; };
		A4C7F2AC29B9F02800C97C84 /* an7.json in Resources */ = {isa = PBXBuildFile; fileRef = A4C7F2AB29B9F02800C97C84 /* an7.json */; };
		A4C7F2B029B9F17B00C97C84 /* an8.json in Resources */ = {isa = PBXBuildFile; fileRef = A4C7F2AF29B9F17A00C97C84 /* an8.json */; };
		A4CB60BC29B18BD400AD3FD9 /* AppDelegate.swift in Sources */ = {isa = PBXBuildFile; fileRef = A4CB60BB29B18BD400AD3FD9 /* AppDelegate.swift */; };
		A4CB60BE29B18BD400AD3FD9 /* SceneDelegate.swift in Sources */ = {isa = PBXBuildFile; fileRef = A4CB60BD29B18BD400AD3FD9 /* SceneDelegate.swift */; };
		A4CB60C529B18BDC00AD3FD9 /* Assets.xcassets in Resources */ = {isa = PBXBuildFile; fileRef = A4CB60C429B18BDC00AD3FD9 /* Assets.xcassets */; };
		A4CB60C829B18BDC00AD3FD9 /* LaunchScreen.storyboard in Resources */ = {isa = PBXBuildFile; fileRef = A4CB60C629B18BDC00AD3FD9 /* LaunchScreen.storyboard */; };
		A4CB60D229B18D4700AD3FD9 /* MainTabController.swift in Sources */ = {isa = PBXBuildFile; fileRef = A4CB60D129B18D4700AD3FD9 /* MainTabController.swift */; };
		A4CB60D429B1AC7800AD3FD9 /* AboutViewController.swift in Sources */ = {isa = PBXBuildFile; fileRef = A4CB60D329B1AC7800AD3FD9 /* AboutViewController.swift */; };
		A4CB60D629B1AF6A00AD3FD9 /* ContactViewController.swift in Sources */ = {isa = PBXBuildFile; fileRef = A4CB60D529B1AF6A00AD3FD9 /* ContactViewController.swift */; };
		A4CB60D829B1AF8F00AD3FD9 /* ProjectsViewController.swift in Sources */ = {isa = PBXBuildFile; fileRef = A4CB60D729B1AF8F00AD3FD9 /* ProjectsViewController.swift */; };
		A4CB60DA29B1AFB300AD3FD9 /* ExamplesViewController.swift in Sources */ = {isa = PBXBuildFile; fileRef = A4CB60D929B1AFB300AD3FD9 /* ExamplesViewController.swift */; };
		A4CB60DD29B1B71700AD3FD9 /* HeaderView.swift in Sources */ = {isa = PBXBuildFile; fileRef = A4CB60DC29B1B71700AD3FD9 /* HeaderView.swift */; };
		A4CB60DF29B1B90300AD3FD9 /* Extensions.swift in Sources */ = {isa = PBXBuildFile; fileRef = A4CB60DE29B1B90200AD3FD9 /* Extensions.swift */; };
		B6B39E8D3B03FEF085089EB5 /* Pods_Vincent_Lazzara.framework in Frameworks */ = {isa = PBXBuildFile; fileRef = 6ACFAB7CA4191F1231EDFD51 /* Pods_Vincent_Lazzara.framework */; };
/* End PBXBuildFile section */

/* Begin PBXFileReference section */
		6ACFAB7CA4191F1231EDFD51 /* Pods_Vincent_Lazzara.framework */ = {isa = PBXFileReference; explicitFileType = wrapper.framework; includeInIndex = 0; path = Pods_Vincent_Lazzara.framework; sourceTree = BUILT_PRODUCTS_DIR; };
		A093F2F2ACB6C0EADF6DDA75 /* Pods-Vincent Lazzara.release.xcconfig */ = {isa = PBXFileReference; includeInIndex = 1; lastKnownFileType = text.xcconfig; name = "Pods-Vincent Lazzara.release.xcconfig"; path = "Target Support Files/Pods-Vincent Lazzara/Pods-Vincent Lazzara.release.xcconfig"; sourceTree = "<group>"; };
		A4A83E5629B5B991001A3071 /* AppViewController.swift */ = {isa = PBXFileReference; lastKnownFileType = sourcecode.swift; path = AppViewController.swift; sourceTree = "<group>"; };
		A4A83E5A29B6E115001A3071 /* InvertedHeaderView.swift */ = {isa = PBXFileReference; lastKnownFileType = sourcecode.swift; path = InvertedHeaderView.swift; sourceTree = "<group>"; };
		A4A83E5C29B716E9001A3071 /* AppViewModel.swift */ = {isa = PBXFileReference; lastKnownFileType = sourcecode.swift; path = AppViewModel.swift; sourceTree = "<group>"; };
		A4AA710329B1ED0E00499317 /* ScrollView.swift */ = {isa = PBXFileReference; lastKnownFileType = sourcecode.swift; path = ScrollView.swift; sourceTree = "<group>"; };
		A4AA710529B1F4EC00499317 /* SkillsScrollView.swift */ = {isa = PBXFileReference; lastKnownFileType = sourcecode.swift; path = SkillsScrollView.swift; sourceTree = "<group>"; };
		A4AA710829B29B6F00499317 /* AboutViewModel.swift */ = {isa = PBXFileReference; lastKnownFileType = sourcecode.swift; path = AboutViewModel.swift; sourceTree = "<group>"; };
		A4AA710A29B2D04800499317 /* AppScrollView.swift */ = {isa = PBXFileReference; lastKnownFileType = sourcecode.swift; path = AppScrollView.swift; sourceTree = "<group>"; };
		A4AA710C29B2F67400499317 /* ProjectsViewModel.swift */ = {isa = PBXFileReference; lastKnownFileType = sourcecode.swift; path = ProjectsViewModel.swift; sourceTree = "<group>"; };
		A4C7F28229B7487000C97C84 /* LinkSheetLauncher.swift */ = {isa = PBXFileReference; lastKnownFileType = sourcecode.swift; path = LinkSheetLauncher.swift; sourceTree = "<group>"; };
		A4C7F28429B7488100C97C84 /* LinkViewModel.swift */ = {isa = PBXFileReference; lastKnownFileType = sourcecode.swift; path = LinkViewModel.swift; sourceTree = "<group>"; };
		A4C7F28629B7488E00C97C84 /* LinkSheetCell.swift */ = {isa = PBXFileReference; lastKnownFileType = sourcecode.swift; path = LinkSheetCell.swift; sourceTree = "<group>"; };
		A4C7F28829B7652200C97C84 /* ExamplesTableViewCell.swift */ = {isa = PBXFileReference; lastKnownFileType = sourcecode.swift; path = ExamplesTableViewCell.swift; sourceTree = "<group>"; };
		A4C7F28F29B82AA200C97C84 /* OnboardingViewController.swift */ = {isa = PBXFileReference; lastKnownFileType = sourcecode.swift; path = OnboardingViewController.swift; sourceTree = "<group>"; };
		A4C7F29129B8337400C97C84 /* OnboardingSlide.swift */ = {isa = PBXFileReference; lastKnownFileType = sourcecode.swift; path = OnboardingSlide.swift; sourceTree = "<group>"; };
		A4C7F29329B88C8D00C97C84 /* OnboardingCollectionViewCell.swift */ = {isa = PBXFileReference; lastKnownFileType = sourcecode.swift; path = OnboardingCollectionViewCell.swift; sourceTree = "<group>"; };
		A4C7F29729B9B32F00C97C84 /* OnboardingStoryBoard.storyboard */ = {isa = PBXFileReference; lastKnownFileType = file.storyboard; path = OnboardingStoryBoard.storyboard; sourceTree = "<group>"; };
		A4C7F29A29B9E1FE00C97C84 /* LoadingScreenViewController.swift */ = {isa = PBXFileReference; lastKnownFileType = sourcecode.swift; path = LoadingScreenViewController.swift; sourceTree = "<group>"; };
		A4C7F29D29B9E75D00C97C84 /* an1.json */ = {isa = PBXFileReference; fileEncoding = 4; lastKnownFileType = text.json; path = an1.json; sourceTree = "<group>"; };
		A4C7F29F29B9E82D00C97C84 /* an2.json */ = {isa = PBXFileReference; fileEncoding = 4; lastKnownFileType = text.json; path = an2.json; sourceTree = "<group>"; };
		A4C7F2A129B9E84300C97C84 /* an3.json */ = {isa = PBXFileReference; fileEncoding = 4; lastKnownFileType = text.json; path = an3.json; sourceTree = "<group>"; };
		A4C7F2A529B9E87A00C97C84 /* an5.json */ = {isa = PBXFileReference; fileEncoding = 4; lastKnownFileType = text.json; path = an5.json; sourceTree = "<group>"; };
		A4C7F2A729B9E8A800C97C84 /* an4.json */ = {isa = PBXFileReference; fileEncoding = 4; lastKnownFileType = text.json; path = an4.json; sourceTree = "<group>"; };
		A4C7F2A929B9E8E900C97C84 /* an6.json */ = {isa = PBXFileReference; fileEncoding = 4; lastKnownFileType = text.json; path = an6.json; sourceTree = "<group>"; };
		A4C7F2AB29B9F02800C97C84 /* an7.json */ = {isa = PBXFileReference; fileEncoding = 4; lastKnownFileType = text.json; path = an7.json; sourceTree = "<group>"; };
		A4C7F2AF29B9F17A00C97C84 /* an8.json */ = {isa = PBXFileReference; fileEncoding = 4; lastKnownFileType = text.json; path = an8.json; sourceTree = "<group>"; };
		A4CB60B829B18BD400AD3FD9 /* Vincent Lazzara.app */ = {isa = PBXFileReference; explicitFileType = wrapper.application; includeInIndex = 0; path = "Vincent Lazzara.app"; sourceTree = BUILT_PRODUCTS_DIR; };
		A4CB60BB29B18BD400AD3FD9 /* AppDelegate.swift */ = {isa = PBXFileReference; lastKnownFileType = sourcecode.swift; path = AppDelegate.swift; sourceTree = "<group>"; };
		A4CB60BD29B18BD400AD3FD9 /* SceneDelegate.swift */ = {isa = PBXFileReference; lastKnownFileType = sourcecode.swift; path = SceneDelegate.swift; sourceTree = "<group>"; };
		A4CB60C429B18BDC00AD3FD9 /* Assets.xcassets */ = {isa = PBXFileReference; lastKnownFileType = folder.assetcatalog; path = Assets.xcassets; sourceTree = "<group>"; };
		A4CB60C729B18BDC00AD3FD9 /* Base */ = {isa = PBXFileReference; lastKnownFileType = file.storyboard; name = Base; path = Base.lproj/LaunchScreen.storyboard; sourceTree = "<group>"; };
		A4CB60C929B18BDC00AD3FD9 /* Info.plist */ = {isa = PBXFileReference; lastKnownFileType = text.plist.xml; path = Info.plist; sourceTree = "<group>"; };
		A4CB60D129B18D4700AD3FD9 /* MainTabController.swift */ = {isa = PBXFileReference; lastKnownFileType = sourcecode.swift; path = MainTabController.swift; sourceTree = "<group>"; };
		A4CB60D329B1AC7800AD3FD9 /* AboutViewController.swift */ = {isa = PBXFileReference; lastKnownFileType = sourcecode.swift; path = AboutViewController.swift; sourceTree = "<group>"; };
		A4CB60D529B1AF6A00AD3FD9 /* ContactViewController.swift */ = {isa = PBXFileReference; lastKnownFileType = sourcecode.swift; path = ContactViewController.swift; sourceTree = "<group>"; };
		A4CB60D729B1AF8F00AD3FD9 /* ProjectsViewController.swift */ = {isa = PBXFileReference; lastKnownFileType = sourcecode.swift; path = ProjectsViewController.swift; sourceTree = "<group>"; };
		A4CB60D929B1AFB300AD3FD9 /* ExamplesViewController.swift */ = {isa = PBXFileReference; lastKnownFileType = sourcecode.swift; path = ExamplesViewController.swift; sourceTree = "<group>"; };
		A4CB60DC29B1B71700AD3FD9 /* HeaderView.swift */ = {isa = PBXFileReference; lastKnownFileType = sourcecode.swift; path = HeaderView.swift; sourceTree = "<group>"; };
		A4CB60DE29B1B90200AD3FD9 /* Extensions.swift */ = {isa = PBXFileReference; lastKnownFileType = sourcecode.swift; path = Extensions.swift; sourceTree = "<group>"; };
		EA4F2168784972BE7BCF94DB /* Pods-Vincent Lazzara.debug.xcconfig */ = {isa = PBXFileReference; includeInIndex = 1; lastKnownFileType = text.xcconfig; name = "Pods-Vincent Lazzara.debug.xcconfig"; path = "Target Support Files/Pods-Vincent Lazzara/Pods-Vincent Lazzara.debug.xcconfig"; sourceTree = "<group>"; };
/* End PBXFileReference section */

/* Begin PBXFrameworksBuildPhase section */
		A4CB60B529B18BD400AD3FD9 /* Frameworks */ = {
			isa = PBXFrameworksBuildPhase;
			buildActionMask = 2147483647;
			files = (
				B6B39E8D3B03FEF085089EB5 /* Pods_Vincent_Lazzara.framework in Frameworks */,
			);
			runOnlyForDeploymentPostprocessing = 0;
		};
/* End PBXFrameworksBuildPhase section */

/* Begin PBXGroup section */
		388448296BBDDAEEC43659DC /* Frameworks */ = {
			isa = PBXGroup;
			children = (
				6ACFAB7CA4191F1231EDFD51 /* Pods_Vincent_Lazzara.framework */,
			);
			name = Frameworks;
			sourceTree = "<group>";
		};
		642CE3FE9A7D11598C84A029 /* Pods */ = {
			isa = PBXGroup;
			children = (
				EA4F2168784972BE7BCF94DB /* Pods-Vincent Lazzara.debug.xcconfig */,
				A093F2F2ACB6C0EADF6DDA75 /* Pods-Vincent Lazzara.release.xcconfig */,
			);
			path = Pods;
			sourceTree = "<group>";
		};
		A4AA710729B29B5B00499317 /* ViewModels */ = {
			isa = PBXGroup;
			children = (
				A4AA710829B29B6F00499317 /* AboutViewModel.swift */,
				A4AA710C29B2F67400499317 /* ProjectsViewModel.swift */,
				A4A83E5C29B716E9001A3071 /* AppViewModel.swift */,
			);
			path = ViewModels;
			sourceTree = "<group>";
		};
		A4C7F28129B7484200C97C84 /* Links */ = {
			isa = PBXGroup;
			children = (
				A4C7F28229B7487000C97C84 /* LinkSheetLauncher.swift */,
				A4C7F28429B7488100C97C84 /* LinkViewModel.swift */,
				A4C7F28629B7488E00C97C84 /* LinkSheetCell.swift */,
			);
			path = Links;
			sourceTree = "<group>";
		};
		A4C7F28A29B7652600C97C84 /* ExamplesTableView */ = {
			isa = PBXGroup;
			children = (
				A4C7F28829B7652200C97C84 /* ExamplesTableViewCell.swift */,
				A4CB60D929B1AFB300AD3FD9 /* ExamplesViewController.swift */,
			);
			path = ExamplesTableView;
			sourceTree = "<group>";
		};
		A4C7F28B29B8289C00C97C84 /* ExampleUIElements */ = {
			isa = PBXGroup;
			children = (
				A4C7F29929B9E1D100C97C84 /* LoadingScreen */,
				A4C7F28C29B828AE00C97C84 /* Onboarding */,
			);
			path = ExampleUIElements;
			sourceTree = "<group>";
		};
		A4C7F28C29B828AE00C97C84 /* Onboarding */ = {
			isa = PBXGroup;
			children = (
				A4C7F28F29B82AA200C97C84 /* OnboardingViewController.swift */,
				A4C7F29129B8337400C97C84 /* OnboardingSlide.swift */,
				A4C7F29329B88C8D00C97C84 /* OnboardingCollectionViewCell.swift */,
				A4C7F29729B9B32F00C97C84 /* OnboardingStoryBoard.storyboard */,
			);
			path = Onboarding;
			sourceTree = "<group>";
		};
		A4C7F29929B9E1D100C97C84 /* LoadingScreen */ = {
			isa = PBXGroup;
			children = (
				A4C7F29C29B9E75300C97C84 /* LoadingFiles */,
				A4C7F29A29B9E1FE00C97C84 /* LoadingScreenViewController.swift */,
			);
			path = LoadingScreen;
			sourceTree = "<group>";
		};
		A4C7F29C29B9E75300C97C84 /* LoadingFiles */ = {
			isa = PBXGroup;
			children = (
				A4C7F29D29B9E75D00C97C84 /* an1.json */,
				A4C7F29F29B9E82D00C97C84 /* an2.json */,
				A4C7F2A129B9E84300C97C84 /* an3.json */,
				A4C7F2A729B9E8A800C97C84 /* an4.json */,
				A4C7F2A529B9E87A00C97C84 /* an5.json */,
				A4C7F2A929B9E8E900C97C84 /* an6.json */,
				A4C7F2AB29B9F02800C97C84 /* an7.json */,
				A4C7F2AF29B9F17A00C97C84 /* an8.json */,
			);
			path = LoadingFiles;
			sourceTree = "<group>";
		};
		A4CB60AF29B18BD300AD3FD9 = {
			isa = PBXGroup;
			children = (
				A4CB60BA29B18BD400AD3FD9 /* Vincent Lazzara */,
				A4CB60B929B18BD400AD3FD9 /* Products */,
				642CE3FE9A7D11598C84A029 /* Pods */,
				388448296BBDDAEEC43659DC /* Frameworks */,
			);
			sourceTree = "<group>";
		};
		A4CB60B929B18BD400AD3FD9 /* Products */ = {
			isa = PBXGroup;
			children = (
				A4CB60B829B18BD400AD3FD9 /* Vincent Lazzara.app */,
			);
			name = Products;
			sourceTree = "<group>";
		};
		A4CB60BA29B18BD400AD3FD9 /* Vincent Lazzara */ = {
			isa = PBXGroup;
			children = (
				A4AA710729B29B5B00499317 /* ViewModels */,
				A4CB60DB29B1B6F500AD3FD9 /* Views */,
				A4CB60D029B18D0C00AD3FD9 /* SupportFiles */,
				A4CB60CF29B18CFB00AD3FD9 /* ViewControllers */,
				A4CB60BB29B18BD400AD3FD9 /* AppDelegate.swift */,
				A4CB60BD29B18BD400AD3FD9 /* SceneDelegate.swift */,
				A4CB60C929B18BDC00AD3FD9 /* Info.plist */,
			);
			path = "Vincent Lazzara";
			sourceTree = "<group>";
		};
		A4CB60CF29B18CFB00AD3FD9 /* ViewControllers */ = {
			isa = PBXGroup;
			children = (
				A4CB60D129B18D4700AD3FD9 /* MainTabController.swift */,
				A4CB60D329B1AC7800AD3FD9 /* AboutViewController.swift */,
				A4CB60D729B1AF8F00AD3FD9 /* ProjectsViewController.swift */,
				A4A83E5629B5B991001A3071 /* AppViewController.swift */,
				A4C7F28A29B7652600C97C84 /* ExamplesTableView */,
				A4CB60D529B1AF6A00AD3FD9 /* ContactViewController.swift */,
				A4C7F28B29B8289C00C97C84 /* ExampleUIElements */,
			);
			path = ViewControllers;
			sourceTree = "<group>";
		};
		A4CB60D029B18D0C00AD3FD9 /* SupportFiles */ = {
			isa = PBXGroup;
			children = (
				A4CB60C429B18BDC00AD3FD9 /* Assets.xcassets */,
				A4CB60C629B18BDC00AD3FD9 /* LaunchScreen.storyboard */,
				A4CB60DE29B1B90200AD3FD9 /* Extensions.swift */,
			);
			path = SupportFiles;
			sourceTree = "<group>";
		};
		A4CB60DB29B1B6F500AD3FD9 /* Views */ = {
			isa = PBXGroup;
			children = (
				A4C7F28129B7484200C97C84 /* Links */,
				A4CB60DC29B1B71700AD3FD9 /* HeaderView.swift */,
				A4A83E5A29B6E115001A3071 /* InvertedHeaderView.swift */,
				A4AA710329B1ED0E00499317 /* ScrollView.swift */,
				A4AA710529B1F4EC00499317 /* SkillsScrollView.swift */,
				A4AA710A29B2D04800499317 /* AppScrollView.swift */,
			);
			path = Views;
			sourceTree = "<group>";
		};
/* End PBXGroup section */

/* Begin PBXNativeTarget section */
		A4CB60B729B18BD400AD3FD9 /* Vincent Lazzara */ = {
			isa = PBXNativeTarget;
			buildConfigurationList = A4CB60CC29B18BDC00AD3FD9 /* Build configuration list for PBXNativeTarget "Vincent Lazzara" */;
			buildPhases = (
				CBCEFC976356E186CD298174 /* [CP] Check Pods Manifest.lock */,
				A4CB60B429B18BD400AD3FD9 /* Sources */,
				A4CB60B529B18BD400AD3FD9 /* Frameworks */,
				A4CB60B629B18BD400AD3FD9 /* Resources */,
				0103EC42B8C6036EFBD9C27F /* [CP] Embed Pods Frameworks */,
			);
			buildRules = (
			);
			dependencies = (
			);
			name = "Vincent Lazzara";
			productName = "Vincent Lazzara";
			productReference = A4CB60B829B18BD400AD3FD9 /* Vincent Lazzara.app */;
			productType = "com.apple.product-type.application";
		};
/* End PBXNativeTarget section */

/* Begin PBXProject section */
		A4CB60B029B18BD400AD3FD9 /* Project object */ = {
			isa = PBXProject;
			attributes = {
				BuildIndependentTargetsInParallel = 1;
				LastSwiftUpdateCheck = 1420;
				LastUpgradeCheck = 1420;
				TargetAttributes = {
					A4CB60B729B18BD400AD3FD9 = {
						CreatedOnToolsVersion = 14.2;
					};
				};
			};
			buildConfigurationList = A4CB60B329B18BD400AD3FD9 /* Build configuration list for PBXProject "Vincent Lazzara" */;
			compatibilityVersion = "Xcode 13.0";
			developmentRegion = en;
			hasScannedForEncodings = 0;
			knownRegions = (
				en,
				Base,
			);
			mainGroup = A4CB60AF29B18BD300AD3FD9;
			productRefGroup = A4CB60B929B18BD400AD3FD9 /* Products */;
			projectDirPath = "";
			projectRoot = "";
			targets = (
				A4CB60B729B18BD400AD3FD9 /* Vincent Lazzara */,
			);
		};
/* End PBXProject section */

/* Begin PBXResourcesBuildPhase section */
		A4CB60B629B18BD400AD3FD9 /* Resources */ = {
			isa = PBXResourcesBuildPhase;
			buildActionMask = 2147483647;
			files = (
				A4C7F2A629B9E87A00C97C84 /* an5.json in Resources */,
				A4CB60C829B18BDC00AD3FD9 /* LaunchScreen.storyboard in Resources */,
				A4C7F2A829B9E8A800C97C84 /* an4.json in Resources */,
				A4C7F2A029B9E82D00C97C84 /* an2.json in Resources */,
				A4C7F2B029B9F17B00C97C84 /* an8.json in Resources */,
				A4C7F29E29B9E75D00C97C84 /* an1.json in Resources */,
				A4C7F2AA29B9E8E900C97C84 /* an6.json in Resources */,
				A4C7F29829B9B32F00C97C84 /* OnboardingStoryBoard.storyboard in Resources */,
				A4CB60C529B18BDC00AD3FD9 /* Assets.xcassets in Resources */,
				A4C7F2AC29B9F02800C97C84 /* an7.json in Resources */,
				A4C7F2A229B9E84300C97C84 /* an3.json in Resources */,
			);
			runOnlyForDeploymentPostprocessing = 0;
		};
/* End PBXResourcesBuildPhase section */

/* Begin PBXShellScriptBuildPhase section */
		0103EC42B8C6036EFBD9C27F /* [CP] Embed Pods Frameworks */ = {
			isa = PBXShellScriptBuildPhase;
			buildActionMask = 2147483647;
			files = (
			);
			inputFileListPaths = (
				"${PODS_ROOT}/Target Support Files/Pods-Vincent Lazzara/Pods-Vincent Lazzara-frameworks-${CONFIGURATION}-input-files.xcfilelist",
			);
			name = "[CP] Embed Pods Frameworks";
			outputFileListPaths = (
				"${PODS_ROOT}/Target Support Files/Pods-Vincent Lazzara/Pods-Vincent Lazzara-frameworks-${CONFIGURATION}-output-files.xcfilelist",
			);
			runOnlyForDeploymentPostprocessing = 0;
			shellPath = /bin/sh;
			shellScript = "\"${PODS_ROOT}/Target Support Files/Pods-Vincent Lazzara/Pods-Vincent Lazzara-frameworks.sh\"\n";
			showEnvVarsInLog = 0;
		};
		CBCEFC976356E186CD298174 /* [CP] Check Pods Manifest.lock */ = {
			isa = PBXShellScriptBuildPhase;
			buildActionMask = 2147483647;
			files = (
			);
			inputFileListPaths = (
			);
			inputPaths = (
				"${PODS_PODFILE_DIR_PATH}/Podfile.lock",
				"${PODS_ROOT}/Manifest.lock",
			);
			name = "[CP] Check Pods Manifest.lock";
			outputFileListPaths = (
			);
			outputPaths = (
				"$(DERIVED_FILE_DIR)/Pods-Vincent Lazzara-checkManifestLockResult.txt",
			);
			runOnlyForDeploymentPostprocessing = 0;
			shellPath = /bin/sh;
			shellScript = "diff \"${PODS_PODFILE_DIR_PATH}/Podfile.lock\" \"${PODS_ROOT}/Manifest.lock\" > /dev/null\nif [ $? != 0 ] ; then\n    # print error to STDERR\n    echo \"error: The sandbox is not in sync with the Podfile.lock. Run 'pod install' or update your CocoaPods installation.\" >&2\n    exit 1\nfi\n# This output is used by Xcode 'outputs' to avoid re-running this script phase.\necho \"SUCCESS\" > \"${SCRIPT_OUTPUT_FILE_0}\"\n";
			showEnvVarsInLog = 0;
		};
/* End PBXShellScriptBuildPhase section */

/* Begin PBXSourcesBuildPhase section */
		A4CB60B429B18BD400AD3FD9 /* Sources */ = {
			isa = PBXSourcesBuildPhase;
			buildActionMask = 2147483647;
			files = (
				A4C7F29229B8337400C97C84 /* OnboardingSlide.swift in Sources */,
				A4A83E5729B5B991001A3071 /* AppViewController.swift in Sources */,
				A4C7F28929B7652200C97C84 /* ExamplesTableViewCell.swift in Sources */,
				A4C7F28729B7488E00C97C84 /* LinkSheetCell.swift in Sources */,
				A4C7F28329B7487000C97C84 /* LinkSheetLauncher.swift in Sources */,
				A4CB60D829B1AF8F00AD3FD9 /* ProjectsViewController.swift in Sources */,
				A4CB60DF29B1B90300AD3FD9 /* Extensions.swift in Sources */,
				A4AA710D29B2F67400499317 /* ProjectsViewModel.swift in Sources */,
				A4AA710929B29B6F00499317 /* AboutViewModel.swift in Sources */,
				A4CB60DA29B1AFB300AD3FD9 /* ExamplesViewController.swift in Sources */,
				A4C7F29029B82AA200C97C84 /* OnboardingViewController.swift in Sources */,
				A4C7F29429B88C8D00C97C84 /* OnboardingCollectionViewCell.swift in Sources */,
				A4AA710429B1ED0F00499317 /* ScrollView.swift in Sources */,
				A4A83E5D29B716EA001A3071 /* AppViewModel.swift in Sources */,
				A4CB60BC29B18BD400AD3FD9 /* AppDelegate.swift in Sources */,
				A4A83E5B29B6E115001A3071 /* InvertedHeaderView.swift in Sources */,
				A4AA710629B1F4EC00499317 /* SkillsScrollView.swift in Sources */,
				A4C7F29B29B9E1FE00C97C84 /* LoadingScreenViewController.swift in Sources */,
				A4CB60D229B18D4700AD3FD9 /* MainTabController.swift in Sources */,
				A4AA710B29B2D04800499317 /* AppScrollView.swift in Sources */,
				A4C7F28529B7488100C97C84 /* LinkViewModel.swift in Sources */,
				A4CB60D429B1AC7800AD3FD9 /* AboutViewController.swift in Sources */,
				A4CB60BE29B18BD400AD3FD9 /* SceneDelegate.swift in Sources */,
				A4CB60D629B1AF6A00AD3FD9 /* ContactViewController.swift in Sources */,
				A4CB60DD29B1B71700AD3FD9 /* HeaderView.swift in Sources */,
			);
			runOnlyForDeploymentPostprocessing = 0;
		};
/* End PBXSourcesBuildPhase section */

/* Begin PBXVariantGroup section */
		A4CB60C629B18BDC00AD3FD9 /* LaunchScreen.storyboard */ = {
			isa = PBXVariantGroup;
			children = (
				A4CB60C729B18BDC00AD3FD9 /* Base */,
			);
			name = LaunchScreen.storyboard;
			sourceTree = "<group>";
		};
/* End PBXVariantGroup section */

/* Begin XCBuildConfiguration section */
		A4CB60CA29B18BDC00AD3FD9 /* Debug */ = {
			isa = XCBuildConfiguration;
			buildSettings = {
				ALWAYS_SEARCH_USER_PATHS = NO;
				CLANG_ANALYZER_NONNULL = YES;
				CLANG_ANALYZER_NUMBER_OBJECT_CONVERSION = YES_AGGRESSIVE;
				CLANG_CXX_LANGUAGE_STANDARD = "gnu++20";
				CLANG_ENABLE_MODULES = YES;
				CLANG_ENABLE_OBJC_ARC = YES;
				CLANG_ENABLE_OBJC_WEAK = YES;
				CLANG_WARN_BLOCK_CAPTURE_AUTORELEASING = YES;
				CLANG_WARN_BOOL_CONVERSION = YES;
				CLANG_WARN_COMMA = YES;
				CLANG_WARN_CONSTANT_CONVERSION = YES;
				CLANG_WARN_DEPRECATED_OBJC_IMPLEMENTATIONS = YES;
				CLANG_WARN_DIRECT_OBJC_ISA_USAGE = YES_ERROR;
				CLANG_WARN_DOCUMENTATION_COMMENTS = YES;
				CLANG_WARN_EMPTY_BODY = YES;
				CLANG_WARN_ENUM_CONVERSION = YES;
				CLANG_WARN_INFINITE_RECURSION = YES;
				CLANG_WARN_INT_CONVERSION = YES;
				CLANG_WARN_NON_LITERAL_NULL_CONVERSION = YES;
				CLANG_WARN_OBJC_IMPLICIT_RETAIN_SELF = YES;
				CLANG_WARN_OBJC_LITERAL_CONVERSION = YES;
				CLANG_WARN_OBJC_ROOT_CLASS = YES_ERROR;
				CLANG_WARN_QUOTED_INCLUDE_IN_FRAMEWORK_HEADER = YES;
				CLANG_WARN_RANGE_LOOP_ANALYSIS = YES;
				CLANG_WARN_STRICT_PROTOTYPES = YES;
				CLANG_WARN_SUSPICIOUS_MOVE = YES;
				CLANG_WARN_UNGUARDED_AVAILABILITY = YES_AGGRESSIVE;
				CLANG_WARN_UNREACHABLE_CODE = YES;
				CLANG_WARN__DUPLICATE_METHOD_MATCH = YES;
				COPY_PHASE_STRIP = NO;
				DEBUG_INFORMATION_FORMAT = dwarf;
				ENABLE_STRICT_OBJC_MSGSEND = YES;
				ENABLE_TESTABILITY = YES;
				GCC_C_LANGUAGE_STANDARD = gnu11;
				GCC_DYNAMIC_NO_PIC = NO;
				GCC_NO_COMMON_BLOCKS = YES;
				GCC_OPTIMIZATION_LEVEL = 0;
				GCC_PREPROCESSOR_DEFINITIONS = (
					"DEBUG=1",
					"$(inherited)",
				);
				GCC_WARN_64_TO_32_BIT_CONVERSION = YES;
				GCC_WARN_ABOUT_RETURN_TYPE = YES_ERROR;
				GCC_WARN_UNDECLARED_SELECTOR = YES;
				GCC_WARN_UNINITIALIZED_AUTOS = YES_AGGRESSIVE;
				GCC_WARN_UNUSED_FUNCTION = YES;
				GCC_WARN_UNUSED_VARIABLE = YES;
				IPHONEOS_DEPLOYMENT_TARGET = 15.0;
				MTL_ENABLE_DEBUG_INFO = INCLUDE_SOURCE;
				MTL_FAST_MATH = YES;
				ONLY_ACTIVE_ARCH = YES;
				SDKROOT = iphoneos;
				SWIFT_ACTIVE_COMPILATION_CONDITIONS = DEBUG;
				SWIFT_OPTIMIZATION_LEVEL = "-Onone";
			};
			name = Debug;
		};
		A4CB60CB29B18BDC00AD3FD9 /* Release */ = {
			isa = XCBuildConfiguration;
			buildSettings = {
				ALWAYS_SEARCH_USER_PATHS = NO;
				CLANG_ANALYZER_NONNULL = YES;
				CLANG_ANALYZER_NUMBER_OBJECT_CONVERSION = YES_AGGRESSIVE;
				CLANG_CXX_LANGUAGE_STANDARD = "gnu++20";
				CLANG_ENABLE_MODULES = YES;
				CLANG_ENABLE_OBJC_ARC = YES;
				CLANG_ENABLE_OBJC_WEAK = YES;
				CLANG_WARN_BLOCK_CAPTURE_AUTORELEASING = YES;
				CLANG_WARN_BOOL_CONVERSION = YES;
				CLANG_WARN_COMMA = YES;
				CLANG_WARN_CONSTANT_CONVERSION = YES;
				CLANG_WARN_DEPRECATED_OBJC_IMPLEMENTATIONS = YES;
				CLANG_WARN_DIRECT_OBJC_ISA_USAGE = YES_ERROR;
				CLANG_WARN_DOCUMENTATION_COMMENTS = YES;
				CLANG_WARN_EMPTY_BODY = YES;
				CLANG_WARN_ENUM_CONVERSION = YES;
				CLANG_WARN_INFINITE_RECURSION = YES;
				CLANG_WARN_INT_CONVERSION = YES;
				CLANG_WARN_NON_LITERAL_NULL_CONVERSION = YES;
				CLANG_WARN_OBJC_IMPLICIT_RETAIN_SELF = YES;
				CLANG_WARN_OBJC_LITERAL_CONVERSION = YES;
				CLANG_WARN_OBJC_ROOT_CLASS = YES_ERROR;
				CLANG_WARN_QUOTED_INCLUDE_IN_FRAMEWORK_HEADER = YES;
				CLANG_WARN_RANGE_LOOP_ANALYSIS = YES;
				CLANG_WARN_STRICT_PROTOTYPES = YES;
				CLANG_WARN_SUSPICIOUS_MOVE = YES;
				CLANG_WARN_UNGUARDED_AVAILABILITY = YES_AGGRESSIVE;
				CLANG_WARN_UNREACHABLE_CODE = YES;
				CLANG_WARN__DUPLICATE_METHOD_MATCH = YES;
				COPY_PHASE_STRIP = NO;
				DEBUG_INFORMATION_FORMAT = "dwarf-with-dsym";
				ENABLE_NS_ASSERTIONS = NO;
				ENABLE_STRICT_OBJC_MSGSEND = YES;
				GCC_C_LANGUAGE_STANDARD = gnu11;
				GCC_NO_COMMON_BLOCKS = YES;
				GCC_WARN_64_TO_32_BIT_CONVERSION = YES;
				GCC_WARN_ABOUT_RETURN_TYPE = YES_ERROR;
				GCC_WARN_UNDECLARED_SELECTOR = YES;
				GCC_WARN_UNINITIALIZED_AUTOS = YES_AGGRESSIVE;
				GCC_WARN_UNUSED_FUNCTION = YES;
				GCC_WARN_UNUSED_VARIABLE = YES;
				IPHONEOS_DEPLOYMENT_TARGET = 15.0;
				MTL_ENABLE_DEBUG_INFO = NO;
				MTL_FAST_MATH = YES;
				SDKROOT = iphoneos;
				SWIFT_COMPILATION_MODE = wholemodule;
				SWIFT_OPTIMIZATION_LEVEL = "-O";
				VALIDATE_PRODUCT = YES;
			};
			name = Release;
		};
		A4CB60CD29B18BDC00AD3FD9 /* Debug */ = {
			isa = XCBuildConfiguration;
			baseConfigurationReference = EA4F2168784972BE7BCF94DB /* Pods-Vincent Lazzara.debug.xcconfig */;
			buildSettings = {
				ASSETCATALOG_COMPILER_APPICON_NAME = AppIcon;
				ASSETCATALOG_COMPILER_GLOBAL_ACCENT_COLOR_NAME = AccentColor;
				CODE_SIGN_STYLE = Automatic;
				CURRENT_PROJECT_VERSION = 1;
				DEVELOPMENT_TEAM = AK49S5GNUR;
				GENERATE_INFOPLIST_FILE = YES;
				INFOPLIST_FILE = "Vincent Lazzara/Info.plist";
				INFOPLIST_KEY_CFBundleDisplayName = "{ V.L }";
				INFOPLIST_KEY_LSApplicationCategoryType = "public.app-category.reference";
				INFOPLIST_KEY_UIApplicationSupportsIndirectInputEvents = YES;
				INFOPLIST_KEY_UILaunchStoryboardName = LaunchScreen.storyboard;
				INFOPLIST_KEY_UISupportedInterfaceOrientations_iPad = "UIInterfaceOrientationPortrait UIInterfaceOrientationPortraitUpsideDown UIInterfaceOrientationLandscapeLeft UIInterfaceOrientationLandscapeRight";
				INFOPLIST_KEY_UISupportedInterfaceOrientations_iPhone = "UIInterfaceOrientationPortrait UIInterfaceOrientationLandscapeLeft UIInterfaceOrientationLandscapeRight";
				IPHONEOS_DEPLOYMENT_TARGET = 15.0;
				LD_RUNPATH_SEARCH_PATHS = (
					"$(inherited)",
					"@executable_path/Frameworks",
				);
				MARKETING_VERSION = 1.0;
				PRODUCT_BUNDLE_IDENTIFIER = "co.vincentlazzara.Vincent-Lazzara";
				PRODUCT_NAME = "$(TARGET_NAME)";
				SWIFT_EMIT_LOC_STRINGS = YES;
				SWIFT_VERSION = 5.0;
				TARGETED_DEVICE_FAMILY = "1,2";
			};
			name = Debug;
		};
		A4CB60CE29B18BDC00AD3FD9 /* Release */ = {
			isa = XCBuildConfiguration;
			baseConfigurationReference = A093F2F2ACB6C0EADF6DDA75 /* Pods-Vincent Lazzara.release.xcconfig */;
			buildSettings = {
				ASSETCATALOG_COMPILER_APPICON_NAME = AppIcon;
				ASSETCATALOG_COMPILER_GLOBAL_ACCENT_COLOR_NAME = AccentColor;
				CODE_SIGN_STYLE = Automatic;
				CURRENT_PROJECT_VERSION = 1;
				DEVELOPMENT_TEAM = AK49S5GNUR;
				GENERATE_INFOPLIST_FILE = YES;
				INFOPLIST_FILE = "Vincent Lazzara/Info.plist";
				INFOPLIST_KEY_CFBundleDisplayName = "{ V.L }";
				INFOPLIST_KEY_LSApplicationCategoryType = "public.app-category.reference";
				INFOPLIST_KEY_UIApplicationSupportsIndirectInputEvents = YES;
				INFOPLIST_KEY_UILaunchStoryboardName = LaunchScreen.storyboard;
				INFOPLIST_KEY_UISupportedInterfaceOrientations_iPad = "UIInterfaceOrientationPortrait UIInterfaceOrientationPortraitUpsideDown UIInterfaceOrientationLandscapeLeft UIInterfaceOrientationLandscapeRight";
				INFOPLIST_KEY_UISupportedInterfaceOrientations_iPhone = "UIInterfaceOrientationPortrait UIInterfaceOrientationLandscapeLeft UIInterfaceOrientationLandscapeRight";
				IPHONEOS_DEPLOYMENT_TARGET = 15.0;
				LD_RUNPATH_SEARCH_PATHS = (
					"$(inherited)",
					"@executable_path/Frameworks",
				);
				MARKETING_VERSION = 1.0;
				PRODUCT_BUNDLE_IDENTIFIER = "co.vincentlazzara.Vincent-Lazzara";
				PRODUCT_NAME = "$(TARGET_NAME)";
				SWIFT_EMIT_LOC_STRINGS = YES;
				SWIFT_VERSION = 5.0;
				TARGETED_DEVICE_FAMILY = "1,2";
			};
			name = Release;
		};
/* End XCBuildConfiguration section */

/* Begin XCConfigurationList section */
		A4CB60B329B18BD400AD3FD9 /* Build configuration list for PBXProject "Vincent Lazzara" */ = {
			isa = XCConfigurationList;
			buildConfigurations = (
				A4CB60CA29B18BDC00AD3FD9 /* Debug */,
				A4CB60CB29B18BDC00AD3FD9 /* Release */,
			);
			defaultConfigurationIsVisible = 0;
			defaultConfigurationName = Release;
		};
		A4CB60CC29B18BDC00AD3FD9 /* Build configuration list for PBXNativeTarget "Vincent Lazzara" */ = {
			isa = XCConfigurationList;
			buildConfigurations = (
				A4CB60CD29B18BDC00AD3FD9 /* Debug */,
				A4CB60CE29B18BDC00AD3FD9 /* Release */,
			);
			defaultConfigurationIsVisible = 0;
			defaultConfigurationName = Release;
		};
/* End XCConfigurationList section */
	};
	rootObject = A4CB60B029B18BD400AD3FD9 /* Project object */;
}
